// !$*UTF8*$!
{
	archiveVersion = 1;
	classes = {
	};
	objectVersion = 46;
	objects = {

/* Begin PBXBuildFile section */
		5594DCD51B0E853E00B5FF4F /* AppDelegate.swift in Sources */ = {isa = PBXBuildFile; fileRef = 5594DCD41B0E853E00B5FF4F /* AppDelegate.swift */; };
		5594DCD71B0E853E00B5FF4F /* ViewController.swift in Sources */ = {isa = PBXBuildFile; fileRef = 5594DCD61B0E853E00B5FF4F /* ViewController.swift */; };
		5594DCDA1B0E853E00B5FF4F /* Main.storyboard in Resources */ = {isa = PBXBuildFile; fileRef = 5594DCD81B0E853E00B5FF4F /* Main.storyboard */; };
		5594DCDC1B0E853E00B5FF4F /* Images.xcassets in Resources */ = {isa = PBXBuildFile; fileRef = 5594DCDB1B0E853E00B5FF4F /* Images.xcassets */; };
		5594DCDF1B0E853E00B5FF4F /* LaunchScreen.xib in Resources */ = {isa = PBXBuildFile; fileRef = 5594DCDD1B0E853E00B5FF4F /* LaunchScreen.xib */; };
		5594DCEB1B0E853F00B5FF4F /* ChartingTests.swift in Sources */ = {isa = PBXBuildFile; fileRef = 5594DCEA1B0E853F00B5FF4F /* ChartingTests.swift */; };
		5594DCF51B0E857200B5FF4F /* Charting.swift in Sources */ = {isa = PBXBuildFile; fileRef = 5594DCF41B0E857200B5FF4F /* Charting.swift */; };
		55A997D81B0F9FFD00FD9860 /* LegendView.swift in Sources */ = {isa = PBXBuildFile; fileRef = 55A997D71B0F9FFD00FD9860 /* LegendView.swift */; };
		55A997DA1B0FB48500FD9860 /* UIColor-Charting.swift in Sources */ = {isa = PBXBuildFile; fileRef = 55A997D91B0FB48500FD9860 /* UIColor-Charting.swift */; };
		55A997DC1B14E59600FD9860 /* ChartUtils.swift in Sources */ = {isa = PBXBuildFile; fileRef = 55A997DB1B14E59600FD9860 /* ChartUtils.swift */; };
/* End PBXBuildFile section */

/* Begin PBXContainerItemProxy section */
		5594DCE51B0E853F00B5FF4F /* PBXContainerItemProxy */ = {
			isa = PBXContainerItemProxy;
			containerPortal = 5594DCC71B0E853E00B5FF4F /* Project object */;
			proxyType = 1;
			remoteGlobalIDString = 5594DCCE1B0E853E00B5FF4F;
			remoteInfo = Charting;
		};
/* End PBXContainerItemProxy section */

/* Begin PBXFileReference section */
		5594DCCF1B0E853E00B5FF4F /* Charting.app */ = {isa = PBXFileReference; explicitFileType = wrapper.application; includeInIndex = 0; path = Charting.app; sourceTree = BUILT_PRODUCTS_DIR; };
		5594DCD31B0E853E00B5FF4F /* Info.plist */ = {isa = PBXFileReference; lastKnownFileType = text.plist.xml; path = Info.plist; sourceTree = "<group>"; };
		5594DCD41B0E853E00B5FF4F /* AppDelegate.swift */ = {isa = PBXFileReference; lastKnownFileType = sourcecode.swift; path = AppDelegate.swift; sourceTree = "<group>"; };
		5594DCD61B0E853E00B5FF4F /* ViewController.swift */ = {isa = PBXFileReference; lastKnownFileType = sourcecode.swift; path = ViewController.swift; sourceTree = "<group>"; };
		5594DCD91B0E853E00B5FF4F /* Base */ = {isa = PBXFileReference; lastKnownFileType = file.storyboard; name = Base; path = Base.lproj/Main.storyboard; sourceTree = "<group>"; };
		5594DCDB1B0E853E00B5FF4F /* Images.xcassets */ = {isa = PBXFileReference; lastKnownFileType = folder.assetcatalog; path = Images.xcassets; sourceTree = "<group>"; };
		5594DCDE1B0E853E00B5FF4F /* Base */ = {isa = PBXFileReference; lastKnownFileType = file.xib; name = Base; path = Base.lproj/LaunchScreen.xib; sourceTree = "<group>"; };
		5594DCE41B0E853F00B5FF4F /* ChartingTests.xctest */ = {isa = PBXFileReference; explicitFileType = wrapper.cfbundle; includeInIndex = 0; path = ChartingTests.xctest; sourceTree = BUILT_PRODUCTS_DIR; };
		5594DCE91B0E853F00B5FF4F /* Info.plist */ = {isa = PBXFileReference; lastKnownFileType = text.plist.xml; path = Info.plist; sourceTree = "<group>"; };
		5594DCEA1B0E853F00B5FF4F /* ChartingTests.swift */ = {isa = PBXFileReference; lastKnownFileType = sourcecode.swift; path = ChartingTests.swift; sourceTree = "<group>"; };
		5594DCF41B0E857200B5FF4F /* Charting.swift */ = {isa = PBXFileReference; fileEncoding = 4; lastKnownFileType = sourcecode.swift; path = Charting.swift; sourceTree = "<group>"; };
		55A997D71B0F9FFD00FD9860 /* LegendView.swift */ = {isa = PBXFileReference; fileEncoding = 4; lastKnownFileType = sourcecode.swift; path = LegendView.swift; sourceTree = "<group>"; };
		55A997D91B0FB48500FD9860 /* UIColor-Charting.swift */ = {isa = PBXFileReference; fileEncoding = 4; lastKnownFileType = sourcecode.swift; path = "UIColor-Charting.swift"; sourceTree = "<group>"; };
		55A997DB1B14E59600FD9860 /* ChartUtils.swift */ = {isa = PBXFileReference; fileEncoding = 4; lastKnownFileType = sourcecode.swift; path = ChartUtils.swift; sourceTree = "<group>"; };
/* End PBXFileReference section */

/* Begin PBXFrameworksBuildPhase section */
		5594DCCC1B0E853E00B5FF4F /* Frameworks */ = {
			isa = PBXFrameworksBuildPhase;
			buildActionMask = 2147483647;
			files = (
			);
			runOnlyForDeploymentPostprocessing = 0;
		};
		5594DCE11B0E853F00B5FF4F /* Frameworks */ = {
			isa = PBXFrameworksBuildPhase;
			buildActionMask = 2147483647;
			files = (
			);
			runOnlyForDeploymentPostprocessing = 0;
		};
/* End PBXFrameworksBuildPhase section */

/* Begin PBXGroup section */
		5594DCC61B0E853E00B5FF4F = {
			isa = PBXGroup;
			children = (
				5594DCD11B0E853E00B5FF4F /* Charting */,
				5594DCE71B0E853F00B5FF4F /* ChartingTests */,
				5594DCD01B0E853E00B5FF4F /* Products */,
			);
			sourceTree = "<group>";
		};
		5594DCD01B0E853E00B5FF4F /* Products */ = {
			isa = PBXGroup;
			children = (
				5594DCCF1B0E853E00B5FF4F /* Charting.app */,
				5594DCE41B0E853F00B5FF4F /* ChartingTests.xctest */,
			);
			name = Products;
			sourceTree = "<group>";
		};
		5594DCD11B0E853E00B5FF4F /* Charting */ = {
			isa = PBXGroup;
			children = (
				5594DCD41B0E853E00B5FF4F /* AppDelegate.swift */,
				5594DCD61B0E853E00B5FF4F /* ViewController.swift */,
				5594DCD81B0E853E00B5FF4F /* Main.storyboard */,
				5594DCDB1B0E853E00B5FF4F /* Images.xcassets */,
				5594DCDD1B0E853E00B5FF4F /* LaunchScreen.xib */,
				5594DCD21B0E853E00B5FF4F /* Supporting Files */,
				5594DCF41B0E857200B5FF4F /* Charting.swift */,
				55A997D71B0F9FFD00FD9860 /* LegendView.swift */,
				55A997D91B0FB48500FD9860 /* UIColor-Charting.swift */,
				55A997DB1B14E59600FD9860 /* ChartUtils.swift */,
			);
			path = Charting;
			sourceTree = "<group>";
		};
		5594DCD21B0E853E00B5FF4F /* Supporting Files */ = {
			isa = PBXGroup;
			children = (
				5594DCD31B0E853E00B5FF4F /* Info.plist */,
			);
			name = "Supporting Files";
			sourceTree = "<group>";
		};
		5594DCE71B0E853F00B5FF4F /* ChartingTests */ = {
			isa = PBXGroup;
			children = (
				5594DCEA1B0E853F00B5FF4F /* ChartingTests.swift */,
				5594DCE81B0E853F00B5FF4F /* Supporting Files */,
			);
			path = ChartingTests;
			sourceTree = "<group>";
		};
		5594DCE81B0E853F00B5FF4F /* Supporting Files */ = {
			isa = PBXGroup;
			children = (
				5594DCE91B0E853F00B5FF4F /* Info.plist */,
			);
			name = "Supporting Files";
			sourceTree = "<group>";
		};
/* End PBXGroup section */

/* Begin PBXNativeTarget section */
		5594DCCE1B0E853E00B5FF4F /* Charting */ = {
			isa = PBXNativeTarget;
			buildConfigurationList = 5594DCEE1B0E853F00B5FF4F /* Build configuration list for PBXNativeTarget "Charting" */;
			buildPhases = (
				5594DCCB1B0E853E00B5FF4F /* Sources */,
				5594DCCC1B0E853E00B5FF4F /* Frameworks */,
				5594DCCD1B0E853E00B5FF4F /* Resources */,
			);
			buildRules = (
			);
			dependencies = (
			);
			name = Charting;
			productName = Charting;
			productReference = 5594DCCF1B0E853E00B5FF4F /* Charting.app */;
			productType = "com.apple.product-type.application";
		};
		5594DCE31B0E853F00B5FF4F /* ChartingTests */ = {
			isa = PBXNativeTarget;
			buildConfigurationList = 5594DCF11B0E853F00B5FF4F /* Build configuration list for PBXNativeTarget "ChartingTests" */;
			buildPhases = (
				5594DCE01B0E853F00B5FF4F /* Sources */,
				5594DCE11B0E853F00B5FF4F /* Frameworks */,
				5594DCE21B0E853F00B5FF4F /* Resources */,
			);
			buildRules = (
			);
			dependencies = (
				5594DCE61B0E853F00B5FF4F /* PBXTargetDependency */,
			);
			name = ChartingTests;
			productName = ChartingTests;
			productReference = 5594DCE41B0E853F00B5FF4F /* ChartingTests.xctest */;
			productType = "com.apple.product-type.bundle.unit-test";
		};
/* End PBXNativeTarget section */

/* Begin PBXProject section */
		5594DCC71B0E853E00B5FF4F /* Project object */ = {
			isa = PBXProject;
			attributes = {
				LastUpgradeCheck = 0630;
				ORGANIZATIONNAME = "Dave Lilly";
				TargetAttributes = {
					5594DCCE1B0E853E00B5FF4F = {
						CreatedOnToolsVersion = 6.3.2;
					};
					5594DCE31B0E853F00B5FF4F = {
						CreatedOnToolsVersion = 6.3.2;
						TestTargetID = 5594DCCE1B0E853E00B5FF4F;
					};
				};
			};
			buildConfigurationList = 5594DCCA1B0E853E00B5FF4F /* Build configuration list for PBXProject "Charting" */;
			compatibilityVersion = "Xcode 3.2";
			developmentRegion = English;
			hasScannedForEncodings = 0;
			knownRegions = (
				en,
				Base,
			);
			mainGroup = 5594DCC61B0E853E00B5FF4F;
			productRefGroup = 5594DCD01B0E853E00B5FF4F /* Products */;
			projectDirPath = "";
			projectRoot = "";
			targets = (
				5594DCCE1B0E853E00B5FF4F /* Charting */,
				5594DCE31B0E853F00B5FF4F /* ChartingTests */,
			);
		};
/* End PBXProject section */

/* Begin PBXResourcesBuildPhase section */
		5594DCCD1B0E853E00B5FF4F /* Resources */ = {
			isa = PBXResourcesBuildPhase;
			buildActionMask = 2147483647;
			files = (
				5594DCDA1B0E853E00B5FF4F /* Main.storyboard in Resources */,
				5594DCDF1B0E853E00B5FF4F /* LaunchScreen.xib in Resources */,
				5594DCDC1B0E853E00B5FF4F /* Images.xcassets in Resources */,
			);
			runOnlyForDeploymentPostprocessing = 0;
		};
		5594DCE21B0E853F00B5FF4F /* Resources */ = {
			isa = PBXResourcesBuildPhase;
			buildActionMask = 2147483647;
			files = (
			);
			runOnlyForDeploymentPostprocessing = 0;
		};
/* End PBXResourcesBuildPhase section */

/* Begin PBXSourcesBuildPhase section */
		5594DCCB1B0E853E00B5FF4F /* Sources */ = {
			isa = PBXSourcesBuildPhase;
			buildActionMask = 2147483647;
			files = (
				5594DCF51B0E857200B5FF4F /* Charting.swift in Sources */,
				55A997D81B0F9FFD00FD9860 /* LegendView.swift in Sources */,
				55A997DA1B0FB48500FD9860 /* UIColor-Charting.swift in Sources */,
				5594DCD71B0E853E00B5FF4F /* ViewController.swift in Sources */,
				55A997DC1B14E59600FD9860 /* ChartUtils.swift in Sources */,
				5594DCD51B0E853E00B5FF4F /* AppDelegate.swift in Sources */,
			);
			runOnlyForDeploymentPostprocessing = 0;
		};
		5594DCE01B0E853F00B5FF4F /* Sources */ = {
			isa = PBXSourcesBuildPhase;
			buildActionMask = 2147483647;
			files = (
				5594DCEB1B0E853F00B5FF4F /* ChartingTests.swift in Sources */,
			);
			runOnlyForDeploymentPostprocessing = 0;
		};
/* End PBXSourcesBuildPhase section */

/* Begin PBXTargetDependency section */
		5594DCE61B0E853F00B5FF4F /* PBXTargetDependency */ = {
			isa = PBXTargetDependency;
			target = 5594DCCE1B0E853E00B5FF4F /* Charting */;
			targetProxy = 5594DCE51B0E853F00B5FF4F /* PBXContainerItemProxy */;
		};
/* End PBXTargetDependency section */

/* Begin PBXVariantGroup section */
		5594DCD81B0E853E00B5FF4F /* Main.storyboard */ = {
			isa = PBXVariantGroup;
			children = (
				5594DCD91B0E853E00B5FF4F /* Base */,
			);
			name = Main.storyboard;
			sourceTree = "<group>";
		};
		5594DCDD1B0E853E00B5FF4F /* LaunchScreen.xib */ = {
			isa = PBXVariantGroup;
			children = (
				5594DCDE1B0E853E00B5FF4F /* Base */,
			);
			name = LaunchScreen.xib;
			sourceTree = "<group>";
		};
/* End PBXVariantGroup section */

/* Begin XCBuildConfiguration section */
		5594DCEC1B0E853F00B5FF4F /* Debug */ = {
			isa = XCBuildConfiguration;
			buildSettings = {
				ALWAYS_SEARCH_USER_PATHS = NO;
				CLANG_CXX_LANGUAGE_STANDARD = "gnu++0x";
				CLANG_CXX_LIBRARY = "libc++";
				CLANG_ENABLE_MODULES = YES;
				CLANG_ENABLE_OBJC_ARC = YES;
				CLANG_WARN_BOOL_CONVERSION = YES;
				CLANG_WARN_CONSTANT_CONVERSION = YES;
				CLANG_WARN_DIRECT_OBJC_ISA_USAGE = YES_ERROR;
				CLANG_WARN_EMPTY_BODY = YES;
				CLANG_WARN_ENUM_CONVERSION = YES;
				CLANG_WARN_INT_CONVERSION = YES;
				CLANG_WARN_OBJC_ROOT_CLASS = YES_ERROR;
				CLANG_WARN_UNREACHABLE_CODE = YES;
				CLANG_WARN__DUPLICATE_METHOD_MATCH = YES;
				"CODE_SIGN_IDENTITY[sdk=iphoneos*]" = "iPhone Developer";
				COPY_PHASE_STRIP = NO;
				DEBUG_INFORMATION_FORMAT = "dwarf-with-dsym";
				ENABLE_STRICT_OBJC_MSGSEND = YES;
				GCC_C_LANGUAGE_STANDARD = gnu99;
				GCC_DYNAMIC_NO_PIC = NO;
				GCC_NO_COMMON_BLOCKS = YES;
				GCC_OPTIMIZATION_LEVEL = 0;
				GCC_PREPROCESSOR_DEFINITIONS = (
					"DEBUG=1",
					"$(inherited)",
				);
				GCC_SYMBOLS_PRIVATE_EXTERN = NO;
				GCC_WARN_64_TO_32_BIT_CONVERSION = YES;
				GCC_WARN_ABOUT_RETURN_TYPE = YES_ERROR;
				GCC_WARN_UNDECLARED_SELECTOR = YES;
				GCC_WARN_UNINITIALIZED_AUTOS = YES_AGGRESSIVE;
				GCC_WARN_UNUSED_FUNCTION = YES;
				GCC_WARN_UNUSED_VARIABLE = YES;
				IPHONEOS_DEPLOYMENT_TARGET = 8.3;
				MTL_ENABLE_DEBUG_INFO = YES;
				ONLY_ACTIVE_ARCH = YES;
				SDKROOT = iphoneos;
				SWIFT_OPTIMIZATION_LEVEL = "-Onone";
				TARGETED_DEVICE_FAMILY = "1,2";
			};
			name = Debug;
		};
		5594DCED1B0E853F00B5FF4F /* Release */ = {
			isa = XCBuildConfiguration;
			buildSettings = {
				ALWAYS_SEARCH_USER_PATHS = NO;
				CLANG_CXX_LANGUAGE_STANDARD = "gnu++0x";
				CLANG_CXX_LIBRARY = "libc++";
				CLANG_ENABLE_MODULES = YES;
				CLANG_ENABLE_OBJC_ARC = YES;
				CLANG_WARN_BOOL_CONVERSION = YES;
				CLANG_WARN_CONSTANT_CONVERSION = YES;
				CLANG_WARN_DIRECT_OBJC_ISA_USAGE = YES_ERROR;
				CLANG_WARN_EMPTY_BODY = YES;
				CLANG_WARN_ENUM_CONVERSION = YES;
				CLANG_WARN_INT_CONVERSION = YES;
				CLANG_WARN_OBJC_ROOT_CLASS = YES_ERROR;
				CLANG_WARN_UNREACHABLE_CODE = YES;
				CLANG_WARN__DUPLICATE_METHOD_MATCH = YES;
				"CODE_SIGN_IDENTITY[sdk=iphoneos*]" = "iPhone Developer";
				COPY_PHASE_STRIP = NO;
				DEBUG_INFORMATION_FORMAT = "dwarf-with-dsym";
				ENABLE_NS_ASSERTIONS = NO;
				ENABLE_STRICT_OBJC_MSGSEND = YES;
				GCC_C_LANGUAGE_STANDARD = gnu99;
				GCC_NO_COMMON_BLOCKS = YES;
				GCC_WARN_64_TO_32_BIT_CONVERSION = YES;
				GCC_WARN_ABOUT_RETURN_TYPE = YES_ERROR;
				GCC_WARN_UNDECLARED_SELECTOR = YES;
				GCC_WARN_UNINITIALIZED_AUTOS = YES_AGGRESSIVE;
				GCC_WARN_UNUSED_FUNCTION = YES;
				GCC_WARN_UNUSED_VARIABLE = YES;
				IPHONEOS_DEPLOYMENT_TARGET = 8.3;
				MTL_ENABLE_DEBUG_INFO = NO;
				SDKROOT = iphoneos;
				TARGETED_DEVICE_FAMILY = "1,2";
				VALIDATE_PRODUCT = YES;
			};
			name = Release;
		};
		5594DCEF1B0E853F00B5FF4F /* Debug */ = {
			isa = XCBuildConfiguration;
			buildSettings = {
				ASSETCATALOG_COMPILER_APPICON_NAME = AppIcon;
				INFOPLIST_FILE = Charting/Info.plist;
				LD_RUNPATH_SEARCH_PATHS = "$(inherited) @executable_path/Frameworks";
				PRODUCT_NAME = "$(TARGET_NAME)";
			};
			name = Debug;
		};
		5594DCF01B0E853F00B5FF4F /* Release */ = {
			isa = XCBuildConfiguration;
			buildSettings = {
				ASSETCATALOG_COMPILER_APPICON_NAME = AppIcon;
				INFOPLIST_FILE = Charting/Info.plist;
				LD_RUNPATH_SEARCH_PATHS = "$(inherited) @executable_path/Frameworks";
				PRODUCT_NAME = "$(TARGET_NAME)";
			};
			name = Release;
		};
		5594DCF21B0E853F00B5FF4F /* Debug */ = {
			isa = XCBuildConfiguration;
			buildSettings = {
				BUNDLE_LOADER = "$(TEST_HOST)";
				FRAMEWORK_SEARCH_PATHS = (
					"$(SDKROOT)/Developer/Library/Frameworks",
					"$(inherited)",
				);
				GCC_PREPROCESSOR_DEFINITIONS = (
					"DEBUG=1",
					"$(inherited)",
				);
				INFOPLIST_FILE = ChartingTests/Info.plist;
				LD_RUNPATH_SEARCH_PATHS = "$(inherited) @executable_path/Frameworks @loader_path/Frameworks";
				PRODUCT_NAME = "$(TARGET_NAME)";
				TEST_HOST = "$(BUILT_PRODUCTS_DIR)/Charting.app/Charting";
			};
			name = Debug;
		};
		5594DCF31B0E853F00B5FF4F /* Release */ = {
			isa = XCBuildConfiguration;
			buildSettings = {
				BUNDLE_LOADER = "$(TEST_HOST)";
				FRAMEWORK_SEARCH_PATHS = (
					"$(SDKROOT)/Developer/Library/Frameworks",
					"$(inherited)",
				);
				INFOPLIST_FILE = ChartingTests/Info.plist;
				LD_RUNPATH_SEARCH_PATHS = "$(inherited) @executable_path/Frameworks @loader_path/Frameworks";
				PRODUCT_NAME = "$(TARGET_NAME)";
				TEST_HOST = "$(BUILT_PRODUCTS_DIR)/Charting.app/Charting";
			};
			name = Release;
		};
/* End XCBuildConfiguration section */

/* Begin XCConfigurationList section */
		5594DCCA1B0E853E00B5FF4F /* Build configuration list for PBXProject "Charting" */ = {
			isa = XCConfigurationList;
			buildConfigurations = (
				5594DCEC1B0E853F00B5FF4F /* Debug */,
				5594DCED1B0E853F00B5FF4F /* Release */,
			);
			defaultConfigurationIsVisible = 0;
			defaultConfigurationName = Release;
		};
		5594DCEE1B0E853F00B5FF4F /* Build configuration list for PBXNativeTarget "Charting" */ = {
			isa = XCConfigurationList;
			buildConfigurations = (
				5594DCEF1B0E853F00B5FF4F /* Debug */,
				5594DCF01B0E853F00B5FF4F /* Release */,
			);
			defaultConfigurationIsVisible = 0;
			defaultConfigurationName = Release;
		};
		5594DCF11B0E853F00B5FF4F /* Build configuration list for PBXNativeTarget "ChartingTests" */ = {
			isa = XCConfigurationList;
			buildConfigurations = (
				5594DCF21B0E853F00B5FF4F /* Debug */,
				5594DCF31B0E853F00B5FF4F /* Release */,
			);
			defaultConfigurationIsVisible = 0;
			defaultConfigurationName = Release;
		};
/* End XCConfigurationList section */
	};
	rootObject = 5594DCC71B0E853E00B5FF4F /* Project object */;
}
